PODS:
  - MonoDylib/Marketplace (0.1.0)

DEPENDENCIES:
  - MonoDylib/Marketplace (from `../`)

EXTERNAL SOURCES:
  MonoDylib:
    :commit: '5876456'
    :podspec: "../"

CHECKOUT OPTIONS:
  MonoDylib:
    :commit: '5876456'
    :git: "git@github.com:annomusa/MonoDylib.git"

SPEC CHECKSUMS:
  MonoDylib: 5601111ae28be53a4fccc319c62622574337866a

PODFILE CHECKSUM: e358b693712f5c048b3539352b113b0353b3857f

COCOAPODS: 1.11.0
